
Microsoft Visual Studio Solution File, Format Version 12.00
# Visual Studio Version 16
VisualStudioVersion = 16.0.31402.337
MinimumVisualStudioVersion = 10.0.40219.1
Project("{FAE04EC0-301F-11D3-BF4B-00C04F79EFBC}") = "Day8Dictionary", "Day8Dictionary\Day8Dictionary.csproj", "{B972EC4B-D96F-4DC3-AF60-E531780D5CDA}"
EndProject
Global
	GlobalSection(SolutionConfigurationPlatforms) = preSolution
		Debug|Any CPU = Debug|Any CPU
		Release|Any CPU = Release|Any CPU
	EndGlobalSection
	GlobalSection(ProjectConfigurationPlatforms) = postSolution
		{B972EC4B-D96F-4DC3-AF60-E531780D5CDA}.Debug|Any CPU.ActiveCfg = Debug|Any CPU
		{B972EC4B-D96F-4DC3-AF60-E531780D5CDA}.Debug|Any CPU.Build.0 = Debug|Any CPU
		{B972EC4B-D96F-4DC3-AF60-E531780D5CDA}.Release|Any CPU.ActiveCfg = Release|Any CPU
		{B972EC4B-D96F-4DC3-AF60-E531780D5CDA}.Release|Any CPU.Build.0 = Release|Any CPU
	EndGlobalSection
	GlobalSection(SolutionProperties) = preSolution
		HideSolutionNode = FALSE
	EndGlobalSection
	GlobalSection(ExtensibilityGlobals) = postSolution
		SolutionGuid = {820848CB-1E4A-4CEE-9C40-A6FFA8381463}
	EndGlobalSection
EndGlobal
